{
  "name": "msal",
  "version": "1.4.17",
  "lockfileVersion": 2,
  "requires": true,
  "packages": {
    "": {
      "name": "msal",
      "version": "1.4.17",
      "license": "ISC",
      "dependencies": {
        "msal": "^1.4.17"
      }
    },
    "node_modules/msal": {
      "version": "1.4.17",
      "resolved": "https://registry.npmjs.org/msal/-/msal-1.4.17.tgz",
      "integrity": "sha512-RjHwP2cCIWQ9iUIk1SziUMb9+jj5mC4OqG2w16E5yig8jySi/TwiFvKlwcjNrPsndph0HtgCtbENnk5julf3yQ==",
      "dependencies": {
        "tslib": "^1.9.3"
      },
      "engines": {
        "node": ">=0.8.0"
      }
    },
    "node_modules/tslib": {
      "version": "1.14.1",
      "resolved": "https://registry.npmjs.org/tslib/-/tslib-1.14.1.tgz",
      "integrity": "sha512-Xni35NKzjgMrwevysHTCArtLDpPvye8zV/0E4EyYn43P7/7qvQwPh9BGkHewbMulVntbigmcT7rdX3BNo9wRJg=="
    }
  },
  "dependencies": {
    "msal": {
      "version": "1.4.17",
      "resolved": "https://registry.npmjs.org/msal/-/msal-1.4.17.tgz",
      "integrity": "sha512-RjHwP2cCIWQ9iUIk1SziUMb9+jj5mC4OqG2w16E5yig8jySi/TwiFvKlwcjNrPsndph0HtgCtbENnk5julf3yQ==",
      "requires": {
        "tslib": "^1.9.3"
      }
    },
    "tslib": {
      "version": "1.14.1",
      "resolved": "https://registry.npmjs.org/tslib/-/tslib-1.14.1.tgz",
      "integrity": "sha512-Xni35NKzjgMrwevysHTCArtLDpPvye8zV/0E4EyYn43P7/7qvQwPh9BGkHewbMulVntbigmcT7rdX3BNo9wRJg=="
    }
  }
}
